
Microsoft Visual Studio Solution File, Format Version 12.00
# Visual Studio Version 17
VisualStudioVersion = 17.11.35327.3
MinimumVisualStudioVersion = 10.0.40219.1
Project("{FAE04EC0-301F-11D3-BF4B-00C04F79EFBC}") = "Game_Server", "Game_Server\Game_Server.csproj", "{04C633F7-C81E-4BD9-BAE9-4321DE43F7A3}"
EndProject
Project("{FAE04EC0-301F-11D3-BF4B-00C04F79EFBC}") = "Game_Client", "Game_Client\Game_Client.csproj", "{A4F196C4-FDE4-438D-B1D1-71979B17B8A5}"
EndProject
Global
	GlobalSection(SolutionConfigurationPlatforms) = preSolution
		Debug|Any CPU = Debug|Any CPU
		Release|Any CPU = Release|Any CPU
	EndGlobalSection
	GlobalSection(ProjectConfigurationPlatforms) = postSolution
		{04C633F7-C81E-4BD9-BAE9-4321DE43F7A3}.Debug|Any CPU.ActiveCfg = Debug|Any CPU
		{04C633F7-C81E-4BD9-BAE9-4321DE43F7A3}.Debug|Any CPU.Build.0 = Debug|Any CPU
		{04C633F7-C81E-4BD9-BAE9-4321DE43F7A3}.Release|Any CPU.ActiveCfg = Release|Any CPU
		{04C633F7-C81E-4BD9-BAE9-4321DE43F7A3}.Release|Any CPU.Build.0 = Release|Any CPU
		{A4F196C4-FDE4-438D-B1D1-71979B17B8A5}.Debug|Any CPU.ActiveCfg = Debug|Any CPU
		{A4F196C4-FDE4-438D-B1D1-71979B17B8A5}.Debug|Any CPU.Build.0 = Debug|Any CPU
		{A4F196C4-FDE4-438D-B1D1-71979B17B8A5}.Release|Any CPU.ActiveCfg = Release|Any CPU
		{A4F196C4-FDE4-438D-B1D1-71979B17B8A5}.Release|Any CPU.Build.0 = Release|Any CPU
	EndGlobalSection
	GlobalSection(SolutionProperties) = preSolution
		HideSolutionNode = FALSE
	EndGlobalSection
	GlobalSection(ExtensibilityGlobals) = postSolution
		SolutionGuid = {031B11AB-E67A-4A20-83A3-11F303482A23}
	EndGlobalSection
EndGlobal
